
Microsoft Visual Studio Solution File, Format Version 12.00
# Visual Studio 2013
VisualStudioVersion = 12.0.21005.1
MinimumVisualStudioVersion = 10.0.40219.1
Project("{FAE04EC0-301F-11D3-BF4B-00C04F79EFBC}") = "PointOfSaleW", "PointOfSaleW\PointOfSaleW.csproj", "{7C514B0F-E67D-4F65-A9FA-15FED1CBC4F1}"
EndProject
Project("{FAE04EC0-301F-11D3-BF4B-00C04F79EFBC}") = "BE", "BE\BE.csproj", "{009EEA3C-50F9-42CA-9C26-F30490CEEDBE}"
EndProject
Project("{FAE04EC0-301F-11D3-BF4B-00C04F79EFBC}") = "DAL", "DAL\DAL.csproj", "{6340BADE-4F02-4898-B8E6-5EDEFA30D920}"
EndProject
Project("{FAE04EC0-301F-11D3-BF4B-00C04F79EFBC}") = "CONNECTION", "CONNECTION\CONNECTION.csproj", "{47724B58-C063-41BF-80E6-2E5F0C9F4724}"
EndProject
Project("{6141683F-8A12-4E36-9623-2EB02B2C2303}") = "setup", "setup\setup.isproj", "{DE50B615-32E1-4117-A176-F71AEE671D24}"
EndProject
Global
	GlobalSection(SolutionConfigurationPlatforms) = preSolution
		CD_ROM|Any CPU = CD_ROM|Any CPU
		Debug|Any CPU = Debug|Any CPU
		DVD-5|Any CPU = DVD-5|Any CPU
		Release|Any CPU = Release|Any CPU
		SingleImage|Any CPU = SingleImage|Any CPU
	EndGlobalSection
	GlobalSection(ProjectConfigurationPlatforms) = postSolution
		{7C514B0F-E67D-4F65-A9FA-15FED1CBC4F1}.CD_ROM|Any CPU.ActiveCfg = Release|Any CPU
		{7C514B0F-E67D-4F65-A9FA-15FED1CBC4F1}.CD_ROM|Any CPU.Build.0 = Release|Any CPU
		{7C514B0F-E67D-4F65-A9FA-15FED1CBC4F1}.Debug|Any CPU.ActiveCfg = Debug|Any CPU
		{7C514B0F-E67D-4F65-A9FA-15FED1CBC4F1}.Debug|Any CPU.Build.0 = Debug|Any CPU
		{7C514B0F-E67D-4F65-A9FA-15FED1CBC4F1}.DVD-5|Any CPU.ActiveCfg = Debug|Any CPU
		{7C514B0F-E67D-4F65-A9FA-15FED1CBC4F1}.DVD-5|Any CPU.Build.0 = Debug|Any CPU
		{7C514B0F-E67D-4F65-A9FA-15FED1CBC4F1}.Release|Any CPU.ActiveCfg = Release|Any CPU
		{7C514B0F-E67D-4F65-A9FA-15FED1CBC4F1}.Release|Any CPU.Build.0 = Release|Any CPU
		{7C514B0F-E67D-4F65-A9FA-15FED1CBC4F1}.SingleImage|Any CPU.ActiveCfg = Release|Any CPU
		{7C514B0F-E67D-4F65-A9FA-15FED1CBC4F1}.SingleImage|Any CPU.Build.0 = Release|Any CPU
		{009EEA3C-50F9-42CA-9C26-F30490CEEDBE}.CD_ROM|Any CPU.ActiveCfg = Release|Any CPU
		{009EEA3C-50F9-42CA-9C26-F30490CEEDBE}.CD_ROM|Any CPU.Build.0 = Release|Any CPU
		{009EEA3C-50F9-42CA-9C26-F30490CEEDBE}.Debug|Any CPU.ActiveCfg = Debug|Any CPU
		{009EEA3C-50F9-42CA-9C26-F30490CEEDBE}.Debug|Any CPU.Build.0 = Debug|Any CPU
		{009EEA3C-50F9-42CA-9C26-F30490CEEDBE}.DVD-5|Any CPU.ActiveCfg = Debug|Any CPU
		{009EEA3C-50F9-42CA-9C26-F30490CEEDBE}.DVD-5|Any CPU.Build.0 = Debug|Any CPU
		{009EEA3C-50F9-42CA-9C26-F30490CEEDBE}.Release|Any CPU.ActiveCfg = Release|Any CPU
		{009EEA3C-50F9-42CA-9C26-F30490CEEDBE}.Release|Any CPU.Build.0 = Release|Any CPU
		{009EEA3C-50F9-42CA-9C26-F30490CEEDBE}.SingleImage|Any CPU.ActiveCfg = Release|Any CPU
		{009EEA3C-50F9-42CA-9C26-F30490CEEDBE}.SingleImage|Any CPU.Build.0 = Release|Any CPU
		{6340BADE-4F02-4898-B8E6-5EDEFA30D920}.CD_ROM|Any CPU.ActiveCfg = Release|Any CPU
		{6340BADE-4F02-4898-B8E6-5EDEFA30D920}.CD_ROM|Any CPU.Build.0 = Release|Any CPU
		{6340BADE-4F02-4898-B8E6-5EDEFA30D920}.Debug|Any CPU.ActiveCfg = Debug|Any CPU
		{6340BADE-4F02-4898-B8E6-5EDEFA30D920}.Debug|Any CPU.Build.0 = Debug|Any CPU
		{6340BADE-4F02-4898-B8E6-5EDEFA30D920}.DVD-5|Any CPU.ActiveCfg = Debug|Any CPU
		{6340BADE-4F02-4898-B8E6-5EDEFA30D920}.DVD-5|Any CPU.Build.0 = Debug|Any CPU
		{6340BADE-4F02-4898-B8E6-5EDEFA30D920}.Release|Any CPU.ActiveCfg = Release|Any CPU
		{6340BADE-4F02-4898-B8E6-5EDEFA30D920}.Release|Any CPU.Build.0 = Release|Any CPU
		{6340BADE-4F02-4898-B8E6-5EDEFA30D920}.SingleImage|Any CPU.ActiveCfg = Release|Any CPU
		{6340BADE-4F02-4898-B8E6-5EDEFA30D920}.SingleImage|Any CPU.Build.0 = Release|Any CPU
		{47724B58-C063-41BF-80E6-2E5F0C9F4724}.CD_ROM|Any CPU.ActiveCfg = Release|Any CPU
		{47724B58-C063-41BF-80E6-2E5F0C9F4724}.CD_ROM|Any CPU.Build.0 = Release|Any CPU
		{47724B58-C063-41BF-80E6-2E5F0C9F4724}.Debug|Any CPU.ActiveCfg = Debug|Any CPU
		{47724B58-C063-41BF-80E6-2E5F0C9F4724}.Debug|Any CPU.Build.0 = Debug|Any CPU
		{47724B58-C063-41BF-80E6-2E5F0C9F4724}.DVD-5|Any CPU.ActiveCfg = Debug|Any CPU
		{47724B58-C063-41BF-80E6-2E5F0C9F4724}.DVD-5|Any CPU.Build.0 = Debug|Any CPU
		{47724B58-C063-41BF-80E6-2E5F0C9F4724}.Release|Any CPU.ActiveCfg = Release|Any CPU
		{47724B58-C063-41BF-80E6-2E5F0C9F4724}.Release|Any CPU.Build.0 = Release|Any CPU
		{47724B58-C063-41BF-80E6-2E5F0C9F4724}.SingleImage|Any CPU.ActiveCfg = Release|Any CPU
		{47724B58-C063-41BF-80E6-2E5F0C9F4724}.SingleImage|Any CPU.Build.0 = Release|Any CPU
		{DE50B615-32E1-4117-A176-F71AEE671D24}.CD_ROM|Any CPU.ActiveCfg = CD_ROM
		{DE50B615-32E1-4117-A176-F71AEE671D24}.CD_ROM|Any CPU.Build.0 = CD_ROM
		{DE50B615-32E1-4117-A176-F71AEE671D24}.Debug|Any CPU.ActiveCfg = DVD-5
		{DE50B615-32E1-4117-A176-F71AEE671D24}.Debug|Any CPU.Build.0 = DVD-5
		{DE50B615-32E1-4117-A176-F71AEE671D24}.DVD-5|Any CPU.ActiveCfg = DVD-5
		{DE50B615-32E1-4117-A176-F71AEE671D24}.DVD-5|Any CPU.Build.0 = DVD-5
		{DE50B615-32E1-4117-A176-F71AEE671D24}.Release|Any CPU.ActiveCfg = SingleImage
		{DE50B615-32E1-4117-A176-F71AEE671D24}.Release|Any CPU.Build.0 = SingleImage
		{DE50B615-32E1-4117-A176-F71AEE671D24}.SingleImage|Any CPU.ActiveCfg = SingleImage
		{DE50B615-32E1-4117-A176-F71AEE671D24}.SingleImage|Any CPU.Build.0 = SingleImage
	EndGlobalSection
	GlobalSection(SolutionProperties) = preSolution
		HideSolutionNode = FALSE
	EndGlobalSection
EndGlobal
